
Microsoft Visual Studio Solution File, Format Version 12.00
# Visual Studio Version 17
VisualStudioVersion = 17.14.36518.9 d17.14
MinimumVisualStudioVersion = 10.0.40219.1
Project("{2150E333-8FDC-42A3-9474-1A3956D46DE8}") = "Task0", "Task0", "{36D591C7-65C7-A0D1-1CBC-10CDE441BDC8}"
EndProject
Project("{FAE04EC0-301F-11D3-BF4B-00C04F79EFBC}") = "Tyuiu.VyazovES.Sprint3.Task0.V21", "Tyuiu.VyazovES.Sprint3.Task0.V21\Tyuiu.VyazovES.Sprint3.Task0.V21.csproj", "{88B46325-08FB-459F-88DD-B53339100CEA}"
EndProject
Project("{FAE04EC0-301F-11D3-BF4B-00C04F79EFBC}") = "Tyuiu.VyazovES.Sprint3.Task0.V21.Lib", "Tyuiu.VyazovES.Sprint3.Task0.V21.Lib\Tyuiu.VyazovES.Sprint3.Task0.V21.Lib.csproj", "{C0610707-8B63-4788-B203-126FDB25B310}"
EndProject
Project("{FAE04EC0-301F-11D3-BF4B-00C04F79EFBC}") = "Tyuiu.VyazovES.Sprint3.Task0.V21.Test", "Tyuiu.VyazovES.Sprint3.Task0.V21.Test\Tyuiu.VyazovES.Sprint3.Task0.V21.Test.csproj", "{413C4203-3700-45DE-ABE1-C48634E32607}"
EndProject
Project("{2150E333-8FDC-42A3-9474-1A3956D46DE8}") = "Task1", "Task1", "{25012414-491F-4509-92B3-ED057945B43A}"
EndProject
Project("{FAE04EC0-301F-11D3-BF4B-00C04F79EFBC}") = "Tyuiu.VyazovES.Sprint3.Task1.V18", "Tyuiu.VyazovES.Sprint3.Task1.V18\Tyuiu.VyazovES.Sprint3.Task1.V18.csproj", "{3299A421-E80D-497F-8BBE-A762AE0086E3}"
EndProject
Project("{FAE04EC0-301F-11D3-BF4B-00C04F79EFBC}") = "Tyuiu.VyazovES.Sprint3.Task1.V18.Test", "Tyuiu.VyazovES.Sprint3.Task1.V18.Test\Tyuiu.VyazovES.Sprint3.Task1.V18.Test.csproj", "{4C7166EC-BC1B-4918-A183-D4586E3B5EA0}"
EndProject
Project("{FAE04EC0-301F-11D3-BF4B-00C04F79EFBC}") = "Tyuiu.VyazovES.Sprint3.Task1.V18.Lib", "Tyuiu.VyazovES.Sprint3.Task1.V18.Lib\Tyuiu.VyazovES.Sprint3.Task1.V18.Lib.csproj", "{3A9AEAB6-5A16-417A-9C9E-517E6FBE73FC}"
EndProject
Project("{2150E333-8FDC-42A3-9474-1A3956D46DE8}") = "Task2", "Task2", "{C7AD9817-F0A1-41AD-98F8-D7CDE33C57F9}"
EndProject
Project("{FAE04EC0-301F-11D3-BF4B-00C04F79EFBC}") = "Tyuiu.VyazovES.Sprint3.Task2.V14", "Tyuiu.VyazovES.Sprint3.Task2.V14\Tyuiu.VyazovES.Sprint3.Task2.V14.csproj", "{711D2AB2-45B4-4567-B448-2724AF4D503E}"
EndProject
Project("{FAE04EC0-301F-11D3-BF4B-00C04F79EFBC}") = "Tyuiu.VyazovES.Sprint3.Task2.V14.Lib", "Tyuiu.VyazovES.Sprint3.Task2.V14.Lib\Tyuiu.VyazovES.Sprint3.Task2.V14.Lib.csproj", "{663455BB-5CB2-44D6-9370-F0D33C4B5448}"
EndProject
Project("{FAE04EC0-301F-11D3-BF4B-00C04F79EFBC}") = "Tyuiu.VyazovES.Sprint3.Task2.V14.Test", "Tyuiu.VyazovES.Sprint3.Task2.V14.Test\Tyuiu.VyazovES.Sprint3.Task2.V14.Test.csproj", "{E7858F04-9548-48E2-A414-D0164BCE7E35}"
EndProject
Project("{2150E333-8FDC-42A3-9474-1A3956D46DE8}") = "Task3", "Task3", "{0144231D-7674-41BE-9A85-C62C7F8C029F}"
EndProject
Project("{FAE04EC0-301F-11D3-BF4B-00C04F79EFBC}") = "Tyuiu.VyazovES.Sprint3.Task3.V1", "Tyuiu.VyazovES.Sprint3.Task3.V1\Tyuiu.VyazovES.Sprint3.Task3.V1.csproj", "{D86A2AF2-A492-4A46-87A9-4D183BF3C8FA}"
EndProject
Project("{FAE04EC0-301F-11D3-BF4B-00C04F79EFBC}") = "Tyuiu.VyazovES.Sprint3.Task3.V1.Test", "Tyuiu.VyazovES.Sprint3.Task3.V1.Test\Tyuiu.VyazovES.Sprint3.Task3.V1.Test.csproj", "{D46DC275-E446-40A4-B55D-546E2A58A327}"
EndProject
Project("{FAE04EC0-301F-11D3-BF4B-00C04F79EFBC}") = "Tyuiu.VyazovES.Sprint3.Task3.V1.Lib", "Tyuiu.VyazovES.Sprint3.Task3.V1.Lib\Tyuiu.VyazovES.Sprint3.Task3.V1.Lib.csproj", "{78801171-176D-4AC4-9024-214EF35B0EC4}"
EndProject
Project("{2150E333-8FDC-42A3-9474-1A3956D46DE8}") = "Task4", "Task4", "{AE0C8667-D14A-444D-8A1D-226C1A702180}"
EndProject
Project("{FAE04EC0-301F-11D3-BF4B-00C04F79EFBC}") = "Tyuiu.VyazovES.Sprint3.Task4.V17", "Tyuiu.VyazovES.Sprint3.Task4.V17\Tyuiu.VyazovES.Sprint3.Task4.V17.csproj", "{C29A59FB-E893-498D-B7C3-487ABC62C18B}"
EndProject
Project("{FAE04EC0-301F-11D3-BF4B-00C04F79EFBC}") = "Tyuiu.VyazovES.Sprint3.Task4.V17.Lib", "Tyuiu.VyazovES.Sprint3.Task4.V17.Lib\Tyuiu.VyazovES.Sprint3.Task4.V17.Lib.csproj", "{7E1BDDCC-B0A9-4DA2-B94B-0B219C9B5870}"
EndProject
Project("{FAE04EC0-301F-11D3-BF4B-00C04F79EFBC}") = "Tyuiu.VyazovES.Sprint3.Task4.V17.Test", "Tyuiu.VyazovES.Sprint3.Task4.V17.Test\Tyuiu.VyazovES.Sprint3.Task4.V17.Test.csproj", "{EAF2DCFB-D3DE-4781-8718-0B16F08F355C}"
EndProject
Project("{2150E333-8FDC-42A3-9474-1A3956D46DE8}") = "Task5", "Task5", "{8E42AE1F-0A69-4948-869B-85D10DCDECF1}"
EndProject
Project("{FAE04EC0-301F-11D3-BF4B-00C04F79EFBC}") = "Tyuiu.VyazovES.Sprint3.Task5.V28", "Tyuiu.VyazovES.Sprint3.Task5.V28\Tyuiu.VyazovES.Sprint3.Task5.V28.csproj", "{76DD394E-A0A0-47D0-938A-5B1907233B7D}"
EndProject
Project("{FAE04EC0-301F-11D3-BF4B-00C04F79EFBC}") = "Tyuiu.VyazovES.Sprint3.Task5.V28.Test", "Tyuiu.VyazovES.Sprint3.Task5.V28.Test\Tyuiu.VyazovES.Sprint3.Task5.V28.Test.csproj", "{6E6D25B3-90DA-4692-84C8-9D40AB930AFB}"
EndProject
Project("{FAE04EC0-301F-11D3-BF4B-00C04F79EFBC}") = "Tyuiu.VyazovES.Sprint3.Task5.V28.Lib", "Tyuiu.VyazovES.Sprint3.Task5.V28.Lib\Tyuiu.VyazovES.Sprint3.Task5.V28.Lib.csproj", "{1FCCD690-6F2C-4F5A-A01F-432F706F9CDF}"
EndProject
Global
	GlobalSection(SolutionConfigurationPlatforms) = preSolution
		Debug|Any CPU = Debug|Any CPU
		Release|Any CPU = Release|Any CPU
	EndGlobalSection
	GlobalSection(ProjectConfigurationPlatforms) = postSolution
		{88B46325-08FB-459F-88DD-B53339100CEA}.Debug|Any CPU.ActiveCfg = Debug|Any CPU
		{88B46325-08FB-459F-88DD-B53339100CEA}.Debug|Any CPU.Build.0 = Debug|Any CPU
		{88B46325-08FB-459F-88DD-B53339100CEA}.Release|Any CPU.ActiveCfg = Release|Any CPU
		{88B46325-08FB-459F-88DD-B53339100CEA}.Release|Any CPU.Build.0 = Release|Any CPU
		{C0610707-8B63-4788-B203-126FDB25B310}.Debug|Any CPU.ActiveCfg = Debug|Any CPU
		{C0610707-8B63-4788-B203-126FDB25B310}.Debug|Any CPU.Build.0 = Debug|Any CPU
		{C0610707-8B63-4788-B203-126FDB25B310}.Release|Any CPU.ActiveCfg = Release|Any CPU
		{C0610707-8B63-4788-B203-126FDB25B310}.Release|Any CPU.Build.0 = Release|Any CPU
		{413C4203-3700-45DE-ABE1-C48634E32607}.Debug|Any CPU.ActiveCfg = Debug|Any CPU
		{413C4203-3700-45DE-ABE1-C48634E32607}.Debug|Any CPU.Build.0 = Debug|Any CPU
		{413C4203-3700-45DE-ABE1-C48634E32607}.Release|Any CPU.ActiveCfg = Release|Any CPU
		{413C4203-3700-45DE-ABE1-C48634E32607}.Release|Any CPU.Build.0 = Release|Any CPU
		{3299A421-E80D-497F-8BBE-A762AE0086E3}.Debug|Any CPU.ActiveCfg = Debug|Any CPU
		{3299A421-E80D-497F-8BBE-A762AE0086E3}.Debug|Any CPU.Build.0 = Debug|Any CPU
		{3299A421-E80D-497F-8BBE-A762AE0086E3}.Release|Any CPU.ActiveCfg = Release|Any CPU
		{3299A421-E80D-497F-8BBE-A762AE0086E3}.Release|Any CPU.Build.0 = Release|Any CPU
		{4C7166EC-BC1B-4918-A183-D4586E3B5EA0}.Debug|Any CPU.ActiveCfg = Debug|Any CPU
		{4C7166EC-BC1B-4918-A183-D4586E3B5EA0}.Debug|Any CPU.Build.0 = Debug|Any CPU
		{4C7166EC-BC1B-4918-A183-D4586E3B5EA0}.Release|Any CPU.ActiveCfg = Release|Any CPU
		{4C7166EC-BC1B-4918-A183-D4586E3B5EA0}.Release|Any CPU.Build.0 = Release|Any CPU
		{3A9AEAB6-5A16-417A-9C9E-517E6FBE73FC}.Debug|Any CPU.ActiveCfg = Debug|Any CPU
		{3A9AEAB6-5A16-417A-9C9E-517E6FBE73FC}.Debug|Any CPU.Build.0 = Debug|Any CPU
		{3A9AEAB6-5A16-417A-9C9E-517E6FBE73FC}.Release|Any CPU.ActiveCfg = Release|Any CPU
		{3A9AEAB6-5A16-417A-9C9E-517E6FBE73FC}.Release|Any CPU.Build.0 = Release|Any CPU
		{711D2AB2-45B4-4567-B448-2724AF4D503E}.Debug|Any CPU.ActiveCfg = Debug|Any CPU
		{711D2AB2-45B4-4567-B448-2724AF4D503E}.Debug|Any CPU.Build.0 = Debug|Any CPU
		{711D2AB2-45B4-4567-B448-2724AF4D503E}.Release|Any CPU.ActiveCfg = Release|Any CPU
		{711D2AB2-45B4-4567-B448-2724AF4D503E}.Release|Any CPU.Build.0 = Release|Any CPU
		{663455BB-5CB2-44D6-9370-F0D33C4B5448}.Debug|Any CPU.ActiveCfg = Debug|Any CPU
		{663455BB-5CB2-44D6-9370-F0D33C4B5448}.Debug|Any CPU.Build.0 = Debug|Any CPU
		{663455BB-5CB2-44D6-9370-F0D33C4B5448}.Release|Any CPU.ActiveCfg = Release|Any CPU
		{663455BB-5CB2-44D6-9370-F0D33C4B5448}.Release|Any CPU.Build.0 = Release|Any CPU
		{E7858F04-9548-48E2-A414-D0164BCE7E35}.Debug|Any CPU.ActiveCfg = Debug|Any CPU
		{E7858F04-9548-48E2-A414-D0164BCE7E35}.Debug|Any CPU.Build.0 = Debug|Any CPU
		{E7858F04-9548-48E2-A414-D0164BCE7E35}.Release|Any CPU.ActiveCfg = Release|Any CPU
		{E7858F04-9548-48E2-A414-D0164BCE7E35}.Release|Any CPU.Build.0 = Release|Any CPU
		{D86A2AF2-A492-4A46-87A9-4D183BF3C8FA}.Debug|Any CPU.ActiveCfg = Debug|Any CPU
		{D86A2AF2-A492-4A46-87A9-4D183BF3C8FA}.Debug|Any CPU.Build.0 = Debug|Any CPU
		{D86A2AF2-A492-4A46-87A9-4D183BF3C8FA}.Release|Any CPU.ActiveCfg = Release|Any CPU
		{D86A2AF2-A492-4A46-87A9-4D183BF3C8FA}.Release|Any CPU.Build.0 = Release|Any CPU
		{D46DC275-E446-40A4-B55D-546E2A58A327}.Debug|Any CPU.ActiveCfg = Debug|Any CPU
		{D46DC275-E446-40A4-B55D-546E2A58A327}.Debug|Any CPU.Build.0 = Debug|Any CPU
		{D46DC275-E446-40A4-B55D-546E2A58A327}.Release|Any CPU.ActiveCfg = Release|Any CPU
		{D46DC275-E446-40A4-B55D-546E2A58A327}.Release|Any CPU.Build.0 = Release|Any CPU
		{78801171-176D-4AC4-9024-214EF35B0EC4}.Debug|Any CPU.ActiveCfg = Debug|Any CPU
		{78801171-176D-4AC4-9024-214EF35B0EC4}.Debug|Any CPU.Build.0 = Debug|Any CPU
		{78801171-176D-4AC4-9024-214EF35B0EC4}.Release|Any CPU.ActiveCfg = Release|Any CPU
		{78801171-176D-4AC4-9024-214EF35B0EC4}.Release|Any CPU.Build.0 = Release|Any CPU
		{C29A59FB-E893-498D-B7C3-487ABC62C18B}.Debug|Any CPU.ActiveCfg = Debug|Any CPU
		{C29A59FB-E893-498D-B7C3-487ABC62C18B}.Debug|Any CPU.Build.0 = Debug|Any CPU
		{C29A59FB-E893-498D-B7C3-487ABC62C18B}.Release|Any CPU.ActiveCfg = Release|Any CPU
		{C29A59FB-E893-498D-B7C3-487ABC62C18B}.Release|Any CPU.Build.0 = Release|Any CPU
		{7E1BDDCC-B0A9-4DA2-B94B-0B219C9B5870}.Debug|Any CPU.ActiveCfg = Debug|Any CPU
		{7E1BDDCC-B0A9-4DA2-B94B-0B219C9B5870}.Debug|Any CPU.Build.0 = Debug|Any CPU
		{7E1BDDCC-B0A9-4DA2-B94B-0B219C9B5870}.Release|Any CPU.ActiveCfg = Release|Any CPU
		{7E1BDDCC-B0A9-4DA2-B94B-0B219C9B5870}.Release|Any CPU.Build.0 = Release|Any CPU
		{EAF2DCFB-D3DE-4781-8718-0B16F08F355C}.Debug|Any CPU.ActiveCfg = Debug|Any CPU
		{EAF2DCFB-D3DE-4781-8718-0B16F08F355C}.Debug|Any CPU.Build.0 = Debug|Any CPU
		{EAF2DCFB-D3DE-4781-8718-0B16F08F355C}.Release|Any CPU.ActiveCfg = Release|Any CPU
		{EAF2DCFB-D3DE-4781-8718-0B16F08F355C}.Release|Any CPU.Build.0 = Release|Any CPU
		{76DD394E-A0A0-47D0-938A-5B1907233B7D}.Debug|Any CPU.ActiveCfg = Debug|Any CPU
		{76DD394E-A0A0-47D0-938A-5B1907233B7D}.Debug|Any CPU.Build.0 = Debug|Any CPU
		{76DD394E-A0A0-47D0-938A-5B1907233B7D}.Release|Any CPU.ActiveCfg = Release|Any CPU
		{76DD394E-A0A0-47D0-938A-5B1907233B7D}.Release|Any CPU.Build.0 = Release|Any CPU
		{6E6D25B3-90DA-4692-84C8-9D40AB930AFB}.Debug|Any CPU.ActiveCfg = Debug|Any CPU
		{6E6D25B3-90DA-4692-84C8-9D40AB930AFB}.Debug|Any CPU.Build.0 = Debug|Any CPU
		{6E6D25B3-90DA-4692-84C8-9D40AB930AFB}.Release|Any CPU.ActiveCfg = Release|Any CPU
		{6E6D25B3-90DA-4692-84C8-9D40AB930AFB}.Release|Any CPU.Build.0 = Release|Any CPU
		{1FCCD690-6F2C-4F5A-A01F-432F706F9CDF}.Debug|Any CPU.ActiveCfg = Debug|Any CPU
		{1FCCD690-6F2C-4F5A-A01F-432F706F9CDF}.Debug|Any CPU.Build.0 = Debug|Any CPU
		{1FCCD690-6F2C-4F5A-A01F-432F706F9CDF}.Release|Any CPU.ActiveCfg = Release|Any CPU
		{1FCCD690-6F2C-4F5A-A01F-432F706F9CDF}.Release|Any CPU.Build.0 = Release|Any CPU
	EndGlobalSection
	GlobalSection(SolutionProperties) = preSolution
		HideSolutionNode = FALSE
	EndGlobalSection
	GlobalSection(NestedProjects) = preSolution
		{88B46325-08FB-459F-88DD-B53339100CEA} = {36D591C7-65C7-A0D1-1CBC-10CDE441BDC8}
		{C0610707-8B63-4788-B203-126FDB25B310} = {36D591C7-65C7-A0D1-1CBC-10CDE441BDC8}
		{413C4203-3700-45DE-ABE1-C48634E32607} = {36D591C7-65C7-A0D1-1CBC-10CDE441BDC8}
		{3299A421-E80D-497F-8BBE-A762AE0086E3} = {25012414-491F-4509-92B3-ED057945B43A}
		{4C7166EC-BC1B-4918-A183-D4586E3B5EA0} = {25012414-491F-4509-92B3-ED057945B43A}
		{3A9AEAB6-5A16-417A-9C9E-517E6FBE73FC} = {25012414-491F-4509-92B3-ED057945B43A}
		{711D2AB2-45B4-4567-B448-2724AF4D503E} = {C7AD9817-F0A1-41AD-98F8-D7CDE33C57F9}
		{663455BB-5CB2-44D6-9370-F0D33C4B5448} = {C7AD9817-F0A1-41AD-98F8-D7CDE33C57F9}
		{E7858F04-9548-48E2-A414-D0164BCE7E35} = {C7AD9817-F0A1-41AD-98F8-D7CDE33C57F9}
		{D86A2AF2-A492-4A46-87A9-4D183BF3C8FA} = {0144231D-7674-41BE-9A85-C62C7F8C029F}
		{D46DC275-E446-40A4-B55D-546E2A58A327} = {0144231D-7674-41BE-9A85-C62C7F8C029F}
		{78801171-176D-4AC4-9024-214EF35B0EC4} = {0144231D-7674-41BE-9A85-C62C7F8C029F}
		{C29A59FB-E893-498D-B7C3-487ABC62C18B} = {AE0C8667-D14A-444D-8A1D-226C1A702180}
		{7E1BDDCC-B0A9-4DA2-B94B-0B219C9B5870} = {AE0C8667-D14A-444D-8A1D-226C1A702180}
		{EAF2DCFB-D3DE-4781-8718-0B16F08F355C} = {AE0C8667-D14A-444D-8A1D-226C1A702180}
		{76DD394E-A0A0-47D0-938A-5B1907233B7D} = {8E42AE1F-0A69-4948-869B-85D10DCDECF1}
		{6E6D25B3-90DA-4692-84C8-9D40AB930AFB} = {8E42AE1F-0A69-4948-869B-85D10DCDECF1}
		{1FCCD690-6F2C-4F5A-A01F-432F706F9CDF} = {8E42AE1F-0A69-4948-869B-85D10DCDECF1}
	EndGlobalSection
	GlobalSection(ExtensibilityGlobals) = postSolution
		SolutionGuid = {DCE54651-693B-462F-A4FD-7FE5035CF5F5}
	EndGlobalSection
EndGlobal
